// !$*UTF8*$!
{
	archiveVersion = 1;
	classes = {
	};
	objectVersion = 46;
	objects = {

/* Begin PBXBuildFile section */
		5D061BD415A4AF9100987878 /* UIKit.framework in Frameworks */ = {isa = PBXBuildFile; fileRef = 5D061BD315A4AF9100987878 /* UIKit.framework */; };
		5D061BD615A4AF9100987878 /* Foundation.framework in Frameworks */ = {isa = PBXBuildFile; fileRef = 5D061BD515A4AF9100987878 /* Foundation.framework */; };
		5D061BD815A4AF9100987878 /* CoreGraphics.framework in Frameworks */ = {isa = PBXBuildFile; fileRef = 5D061BD715A4AF9100987878 /* CoreGraphics.framework */; };
		5D061BDE15A4AF9100987878 /* InfoPlist.strings in Resources */ = {isa = PBXBuildFile; fileRef = 5D061BDC15A4AF9100987878 /* InfoPlist.strings */; };
		5D061BE015A4AF9100987878 /* main.m in Sources */ = {isa = PBXBuildFile; fileRef = 5D061BDF15A4AF9100987878 /* main.m */; };
		5D061BE415A4AF9100987878 /* AppDelegate.m in Sources */ = {isa = PBXBuildFile; fileRef = 5D061BE315A4AF9100987878 /* AppDelegate.m */; };
		5D061BEB15A4B3B200987878 /* icon@2x.png in Resources */ = {isa = PBXBuildFile; fileRef = 5D061BEA15A4B3B200987878 /* icon@2x.png */; };
		5D061BED15A4B3B400987878 /* icon.png in Resources */ = {isa = PBXBuildFile; fileRef = 5D061BEC15A4B3B400987878 /* icon.png */; };
/* End PBXBuildFile section */

/* Begin PBXFileReference section */
		5D061BCF15A4AF9100987878 /* HomeButton.app */ = {isa = PBXFileReference; explicitFileType = wrapper.application; includeInIndex = 0; path = HomeButton.app; sourceTree = BUILT_PRODUCTS_DIR; };
		5D061BD315A4AF9100987878 /* UIKit.framework */ = {isa = PBXFileReference; lastKnownFileType = wrapper.framework; name = UIKit.framework; path = System/Library/Frameworks/UIKit.framework; sourceTree = SDKROOT; };
		5D061BD515A4AF9100987878 /* Foundation.framework */ = {isa = PBXFileReference; lastKnownFileType = wrapper.framework; name = Foundation.framework; path = System/Library/Frameworks/Foundation.framework; sourceTree = SDKROOT; };
		5D061BD715A4AF9100987878 /* CoreGraphics.framework */ = {isa = PBXFileReference; lastKnownFileType = wrapper.framework; name = CoreGraphics.framework; path = System/Library/Frameworks/CoreGraphics.framework; sourceTree = SDKROOT; };
		5D061BDB15A4AF9100987878 /* HomeButton-Info.plist */ = {isa = PBXFileReference; lastKnownFileType = text.plist.xml; path = "HomeButton-Info.plist"; sourceTree = "<group>"; };
		5D061BDD15A4AF9100987878 /* en */ = {isa = PBXFileReference; lastKnownFileType = text.plist.strings; name = en; path = en.lproj/InfoPlist.strings; sourceTree = "<group>"; };
		5D061BDF15A4AF9100987878 /* main.m */ = {isa = PBXFileReference; lastKnownFileType = sourcecode.c.objc; path = main.m; sourceTree = "<group>"; };
		5D061BE115A4AF9100987878 /* HomeButton-Prefix.pch */ = {isa = PBXFileReference; lastKnownFileType = sourcecode.c.h; path = "HomeButton-Prefix.pch"; sourceTree = "<group>"; };
		5D061BE215A4AF9100987878 /* AppDelegate.h */ = {isa = PBXFileReference; lastKnownFileType = sourcecode.c.h; path = AppDelegate.h; sourceTree = "<group>"; };
		5D061BE315A4AF9100987878 /* AppDelegate.m */ = {isa = PBXFileReference; lastKnownFileType = sourcecode.c.objc; path = AppDelegate.m; sourceTree = "<group>"; };
		5D061BEA15A4B3B200987878 /* icon@2x.png */ = {isa = PBXFileReference; lastKnownFileType = image.png; path = "icon@2x.png"; sourceTree = "<group>"; };
		5D061BEC15A4B3B400987878 /* icon.png */ = {isa = PBXFileReference; lastKnownFileType = image.png; path = icon.png; sourceTree = "<group>"; };
/* End PBXFileReference section */

/* Begin PBXFrameworksBuildPhase section */
		5D061BCC15A4AF9100987878 /* Frameworks */ = {
			isa = PBXFrameworksBuildPhase;
			buildActionMask = 2147483647;
			files = (
				5D061BD415A4AF9100987878 /* UIKit.framework in Frameworks */,
				5D061BD615A4AF9100987878 /* Foundation.framework in Frameworks */,
				5D061BD815A4AF9100987878 /* CoreGraphics.framework in Frameworks */,
			);
			runOnlyForDeploymentPostprocessing = 0;
		};
/* End PBXFrameworksBuildPhase section */

/* Begin PBXGroup section */
		5D061BC415A4AF9100987878 = {
			isa = PBXGroup;
			children = (
				5D061BEC15A4B3B400987878 /* icon.png */,
				5D061BEA15A4B3B200987878 /* icon@2x.png */,
				5D061BD915A4AF9100987878 /* HomeButton */,
				5D061BD215A4AF9100987878 /* Frameworks */,
				5D061BD015A4AF9100987878 /* Products */,
			);
			sourceTree = "<group>";
		};
		5D061BD015A4AF9100987878 /* Products */ = {
			isa = PBXGroup;
			children = (
				5D061BCF15A4AF9100987878 /* HomeButton.app */,
			);
			name = Products;
			sourceTree = "<group>";
		};
		5D061BD215A4AF9100987878 /* Frameworks */ = {
			isa = PBXGroup;
			children = (
				5D061BD315A4AF9100987878 /* UIKit.framework */,
				5D061BD515A4AF9100987878 /* Foundation.framework */,
				5D061BD715A4AF9100987878 /* CoreGraphics.framework */,
			);
			name = Frameworks;
			sourceTree = "<group>";
		};
		5D061BD915A4AF9100987878 /* HomeButton */ = {
			isa = PBXGroup;
			children = (
				5D061BE215A4AF9100987878 /* AppDelegate.h */,
				5D061BE315A4AF9100987878 /* AppDelegate.m */,
				5D061BDA15A4AF9100987878 /* Supporting Files */,
			);
			path = HomeButton;
			sourceTree = "<group>";
		};
		5D061BDA15A4AF9100987878 /* Supporting Files */ = {
			isa = PBXGroup;
			children = (
				5D061BDB15A4AF9100987878 /* HomeButton-Info.plist */,
				5D061BDC15A4AF9100987878 /* InfoPlist.strings */,
				5D061BDF15A4AF9100987878 /* main.m */,
				5D061BE115A4AF9100987878 /* HomeButton-Prefix.pch */,
			);
			name = "Supporting Files";
			sourceTree = "<group>";
		};
/* End PBXGroup section */

/* Begin PBXNativeTarget section */
		5D061BCE15A4AF9100987878 /* HomeButton */ = {
			isa = PBXNativeTarget;
			buildConfigurationList = 5D061BE715A4AF9100987878 /* Build configuration list for PBXNativeTarget "HomeButton" */;
			buildPhases = (
				5D061BCB15A4AF9100987878 /* Sources */,
				5D061BCC15A4AF9100987878 /* Frameworks */,
				5D061BCD15A4AF9100987878 /* Resources */,
			);
			buildRules = (
			);
			dependencies = (
			);
			name = HomeButton;
			productName = HomeButton;
			productReference = 5D061BCF15A4AF9100987878 /* HomeButton.app */;
			productType = "com.apple.product-type.application";
		};
/* End PBXNativeTarget section */

/* Begin PBXProject section */
		5D061BC615A4AF9100987878 /* Project object */ = {
			isa = PBXProject;
			attributes = {
				LastUpgradeCheck = 0430;
				ORGANIZATIONNAME = "MyCompany";
			};
			buildConfigurationList = 5D061BC915A4AF9100987878 /* Build configuration list for PBXProject "HomeButton" */;
			compatibilityVersion = "Xcode 3.2";
			developmentRegion = English;
			hasScannedForEncodings = 0;
			knownRegions = (
				en,
			);
			mainGroup = 5D061BC415A4AF9100987878;
			productRefGroup = 5D061BD015A4AF9100987878 /* Products */;
			projectDirPath = "";
			projectRoot = "";
			targets = (
				5D061BCE15A4AF9100987878 /* HomeButton */,
			);
		};
/* End PBXProject section */

/* Begin PBXResourcesBuildPhase section */
		5D061BCD15A4AF9100987878 /* Resources */ = {
			isa = PBXResourcesBuildPhase;
			buildActionMask = 2147483647;
			files = (
				5D061BDE15A4AF9100987878 /* InfoPlist.strings in Resources */,
				5D061BEB15A4B3B200987878 /* icon@2x.png in Resources */,
				5D061BED15A4B3B400987878 /* icon.png in Resources */,
			);
			runOnlyForDeploymentPostprocessing = 0;
		};
/* End PBXResourcesBuildPhase section */

/* Begin PBXSourcesBuildPhase section */
		5D061BCB15A4AF9100987878 /* Sources */ = {
			isa = PBXSourcesBuildPhase;
			buildActionMask = 2147483647;
			files = (
				5D061BE015A4AF9100987878 /* main.m in Sources */,
				5D061BE415A4AF9100987878 /* AppDelegate.m in Sources */,
			);
			runOnlyForDeploymentPostprocessing = 0;
		};
/* End PBXSourcesBuildPhase section */

/* Begin PBXVariantGroup section */
		5D061BDC15A4AF9100987878 /* InfoPlist.strings */ = {
			isa = PBXVariantGroup;
			children = (
				5D061BDD15A4AF9100987878 /* en */,
			);
			name = InfoPlist.strings;
			sourceTree = "<group>";
		};
/* End PBXVariantGroup section */

/* Begin XCBuildConfiguration section */
		5D061BE515A4AF9100987878 /* Debug */ = {
			isa = XCBuildConfiguration;
			buildSettings = {
				ALWAYS_SEARCH_USER_PATHS = NO;
				ARCHS = "$(ARCHS_STANDARD_32_BIT)";
				CLANG_ENABLE_OBJC_ARC = YES;
				"CODE_SIGN_IDENTITY[sdk=iphoneos*]" = "iPhone Developer";
				COPY_PHASE_STRIP = NO;
				GCC_C_LANGUAGE_STANDARD = gnu99;
				GCC_DYNAMIC_NO_PIC = NO;
				GCC_OPTIMIZATION_LEVEL = 0;
				GCC_PREPROCESSOR_DEFINITIONS = (
					"DEBUG=1",
					"$(inherited)",
				);
				GCC_SYMBOLS_PRIVATE_EXTERN = NO;
				GCC_VERSION = com.apple.compilers.llvm.clang.1_0;
				GCC_WARN_ABOUT_RETURN_TYPE = YES;
				GCC_WARN_UNINITIALIZED_AUTOS = YES;
				GCC_WARN_UNUSED_VARIABLE = YES;
				IPHONEOS_DEPLOYMENT_TARGET = 5.1;
				SDKROOT = iphoneos;
			};
			name = Debug;
		};
		5D061BE615A4AF9100987878 /* Release */ = {
			isa = XCBuildConfiguration;
			buildSettings = {
				ALWAYS_SEARCH_USER_PATHS = NO;
				ARCHS = "$(ARCHS_STANDARD_32_BIT)";
				CLANG_ENABLE_OBJC_ARC = YES;
				"CODE_SIGN_IDENTITY[sdk=iphoneos*]" = "iPhone Developer";
				COPY_PHASE_STRIP = YES;
				GCC_C_LANGUAGE_STANDARD = gnu99;
				GCC_VERSION = com.apple.compilers.llvm.clang.1_0;
				GCC_WARN_ABOUT_RETURN_TYPE = YES;
				GCC_WARN_UNINITIALIZED_AUTOS = YES;
				GCC_WARN_UNUSED_VARIABLE = YES;
				IPHONEOS_DEPLOYMENT_TARGET = 5.1;
				OTHER_CFLAGS = "-DNS_BLOCK_ASSERTIONS=1";
				SDKROOT = iphoneos;
				VALIDATE_PRODUCT = YES;
			};
			name = Release;
		};
		5D061BE815A4AF9100987878 /* Debug */ = {
			isa = XCBuildConfiguration;
			buildSettings = {
				GCC_PRECOMPILE_PREFIX_HEADER = YES;
				GCC_PREFIX_HEADER = "HomeButton/HomeButton-Prefix.pch";
				INFOPLIST_FILE = "HomeButton/HomeButton-Info.plist";
				PRODUCT_NAME = "$(TARGET_NAME)";
				WRAPPER_EXTENSION = app;
			};
			name = Debug;
		};
		5D061BE915A4AF9100987878 /* Release */ = {
			isa = XCBuildConfiguration;
			buildSettings = {
				GCC_PRECOMPILE_PREFIX_HEADER = YES;
				GCC_PREFIX_HEADER = "HomeButton/HomeButton-Prefix.pch";
				INFOPLIST_FILE = "HomeButton/HomeButton-Info.plist";
				PRODUCT_NAME = "$(TARGET_NAME)";
				WRAPPER_EXTENSION = app;
			};
			name = Release;
		};
/* End XCBuildConfiguration section */

/* Begin XCConfigurationList section */
		5D061BC915A4AF9100987878 /* Build configuration list for PBXProject "HomeButton" */ = {
			isa = XCConfigurationList;
			buildConfigurations = (
				5D061BE515A4AF9100987878 /* Debug */,
				5D061BE615A4AF9100987878 /* Release */,
			);
			defaultConfigurationIsVisible = 0;
			defaultConfigurationName = Release;
		};
		5D061BE715A4AF9100987878 /* Build configuration list for PBXNativeTarget "HomeButton" */ = {
			isa = XCConfigurationList;
			buildConfigurations = (
				5D061BE815A4AF9100987878 /* Debug */,
				5D061BE915A4AF9100987878 /* Release */,
			);
			defaultConfigurationIsVisible = 0;
		};
/* End XCConfigurationList section */
	};
	rootObject = 5D061BC615A4AF9100987878 /* Project object */;
}
